
Microsoft Visual Studio Solution File, Format Version 12.00
# Visual Studio 14
VisualStudioVersion = 14.0.24720.0
MinimumVisualStudioVersion = 10.0.40219.1
Project("{2150E333-8FDC-42A3-9474-1A3956D46DE8}") = ".paket", ".paket", "{690FC18E-C88C-4BE8-8797-7C5F4882E4B8}"
	ProjectSection(SolutionItems) = preProject
		..\paket.dependencies = ..\paket.dependencies
	EndProjectSection
EndProject
Project("{FAE04EC0-301F-11D3-BF4B-00C04F79EFBC}") = "FeatureSwitcher.Examples", "FeatureSwitcher.Examples\FeatureSwitcher.Examples.csproj", "{E4727D47-E8DA-4730-8B04-01014ECDE524}"
EndProject
Project("{2150E333-8FDC-42A3-9474-1A3956D46DE8}") = "Solution Items", "Solution Items", "{BC6156A9-5095-4006-860C-E4D81C4ED025}"
	ProjectSection(SolutionItems) = preProject
		..\build.cmd = ..\build.cmd
		..\build.fsx = ..\build.fsx
		..\Licence.txt = ..\Licence.txt
		..\README.markdown = ..\README.markdown
	EndProjectSection
EndProject
Project("{FAE04EC0-301F-11D3-BF4B-00C04F79EFBC}") = "FeatureSwitcher.Specs", "FeatureSwitcher.Specs\FeatureSwitcher.Specs.csproj", "{3B2BAC6C-FEB6-4EDF-B4DE-B7A05810C24C}"
EndProject
Project("{FAE04EC0-301F-11D3-BF4B-00C04F79EFBC}") = "FeatureSwitcher.Contexteer.Specs", "FeatureSwitcher.Contexteer.Specs\FeatureSwitcher.Contexteer.Specs.csproj", "{F4A4E4BE-EE04-425B-AEB2-136D01432896}"
EndProject
Global
	GlobalSection(SolutionConfigurationPlatforms) = preSolution
		Debug|Any CPU = Debug|Any CPU
		Release|Any CPU = Release|Any CPU
	EndGlobalSection
	GlobalSection(ProjectConfigurationPlatforms) = postSolution
		{E4727D47-E8DA-4730-8B04-01014ECDE524}.Debug|Any CPU.ActiveCfg = Debug|Any CPU
		{E4727D47-E8DA-4730-8B04-01014ECDE524}.Debug|Any CPU.Build.0 = Debug|Any CPU
		{E4727D47-E8DA-4730-8B04-01014ECDE524}.Release|Any CPU.ActiveCfg = Release|Any CPU
		{E4727D47-E8DA-4730-8B04-01014ECDE524}.Release|Any CPU.Build.0 = Release|Any CPU
		{3B2BAC6C-FEB6-4EDF-B4DE-B7A05810C24C}.Debug|Any CPU.ActiveCfg = Debug|Any CPU
		{3B2BAC6C-FEB6-4EDF-B4DE-B7A05810C24C}.Debug|Any CPU.Build.0 = Debug|Any CPU
		{3B2BAC6C-FEB6-4EDF-B4DE-B7A05810C24C}.Release|Any CPU.ActiveCfg = Release|Any CPU
		{3B2BAC6C-FEB6-4EDF-B4DE-B7A05810C24C}.Release|Any CPU.Build.0 = Release|Any CPU
		{F4A4E4BE-EE04-425B-AEB2-136D01432896}.Debug|Any CPU.ActiveCfg = Debug|Any CPU
		{F4A4E4BE-EE04-425B-AEB2-136D01432896}.Debug|Any CPU.Build.0 = Debug|Any CPU
		{F4A4E4BE-EE04-425B-AEB2-136D01432896}.Release|Any CPU.ActiveCfg = Release|Any CPU
		{F4A4E4BE-EE04-425B-AEB2-136D01432896}.Release|Any CPU.Build.0 = Release|Any CPU
	EndGlobalSection
	GlobalSection(SolutionProperties) = preSolution
		HideSolutionNode = FALSE
	EndGlobalSection
EndGlobal
